// !$*UTF8*$!
{
	archiveVersion = 1;
	classes = {
	};
	objectVersion = 50;
	objects = {

/* Begin PBXBuildFile section */
		2D0B7D1023D77DFA00872131 /* AppDelegate.swift in Sources */ = {isa = PBXBuildFile; fileRef = 2D0B7D0F23D77DFA00872131 /* AppDelegate.swift */; };
		2D0B7D1223D77DFA00872131 /* SceneDelegate.swift in Sources */ = {isa = PBXBuildFile; fileRef = 2D0B7D1123D77DFA00872131 /* SceneDelegate.swift */; };
		2D0B7D1423D77DFA00872131 /* ViewController.swift in Sources */ = {isa = PBXBuildFile; fileRef = 2D0B7D1323D77DFA00872131 /* ViewController.swift */; };
		2D0B7D1723D77DFA00872131 /* Main.storyboard in Resources */ = {isa = PBXBuildFile; fileRef = 2D0B7D1523D77DFA00872131 /* Main.storyboard */; };
		2D0B7D1923D77DFB00872131 /* Assets.xcassets in Resources */ = {isa = PBXBuildFile; fileRef = 2D0B7D1823D77DFB00872131 /* Assets.xcassets */; };
		2D0B7D1C23D77DFB00872131 /* LaunchScreen.storyboard in Resources */ = {isa = PBXBuildFile; fileRef = 2D0B7D1A23D77DFB00872131 /* LaunchScreen.storyboard */; };
/* End PBXBuildFile section */

/* Begin PBXFileReference section */
		2D0B7D0C23D77DFA00872131 /* Nursing Inventory Companion.app */ = {isa = PBXFileReference; explicitFileType = wrapper.application; includeInIndex = 0; path = "Nursing Inventory Companion.app"; sourceTree = BUILT_PRODUCTS_DIR; };
		2D0B7D0F23D77DFA00872131 /* AppDelegate.swift */ = {isa = PBXFileReference; lastKnownFileType = sourcecode.swift; path = AppDelegate.swift; sourceTree = "<group>"; };
		2D0B7D1123D77DFA00872131 /* SceneDelegate.swift */ = {isa = PBXFileReference; lastKnownFileType = sourcecode.swift; path = SceneDelegate.swift; sourceTree = "<group>"; };
		2D0B7D1323D77DFA00872131 /* ViewController.swift */ = {isa = PBXFileReference; lastKnownFileType = sourcecode.swift; path = ViewController.swift; sourceTree = "<group>"; };
		2D0B7D1623D77DFA00872131 /* Base */ = {isa = PBXFileReference; lastKnownFileType = file.storyboard; name = Base; path = Base.lproj/Main.storyboard; sourceTree = "<group>"; };
		2D0B7D1823D77DFB00872131 /* Assets.xcassets */ = {isa = PBXFileReference; lastKnownFileType = folder.assetcatalog; path = Assets.xcassets; sourceTree = "<group>"; };
		2D0B7D1B23D77DFB00872131 /* Base */ = {isa = PBXFileReference; lastKnownFileType = file.storyboard; name = Base; path = Base.lproj/LaunchScreen.storyboard; sourceTree = "<group>"; };
		2D0B7D1D23D77DFB00872131 /* Info.plist */ = {isa = PBXFileReference; lastKnownFileType = text.plist.xml; path = Info.plist; sourceTree = "<group>"; };
/* End PBXFileReference section */

/* Begin PBXFrameworksBuildPhase section */
		2D0B7D0923D77DFA00872131 /* Frameworks */ = {
			isa = PBXFrameworksBuildPhase;
			buildActionMask = 2147483647;
			files = (
			);
			runOnlyForDeploymentPostprocessing = 0;
		};
/* End PBXFrameworksBuildPhase section */

/* Begin PBXGroup section */
		2D0B7D0323D77DFA00872131 = {
			isa = PBXGroup;
			children = (
				2D0B7D0E23D77DFA00872131 /* Nursing Inventory Companion */,
				2D0B7D0D23D77DFA00872131 /* Products */,
			);
			sourceTree = "<group>";
		};
		2D0B7D0D23D77DFA00872131 /* Products */ = {
			isa = PBXGroup;
			children = (
				2D0B7D0C23D77DFA00872131 /* Nursing Inventory Companion.app */,
			);
			name = Products;
			sourceTree = "<group>";
		};
		2D0B7D0E23D77DFA00872131 /* Nursing Inventory Companion */ = {
			isa = PBXGroup;
			children = (
				2D0B7D0F23D77DFA00872131 /* AppDelegate.swift */,
				2D0B7D1123D77DFA00872131 /* SceneDelegate.swift */,
				2D0B7D1323D77DFA00872131 /* ViewController.swift */,
				2D0B7D1523D77DFA00872131 /* Main.storyboard */,
				2D0B7D1823D77DFB00872131 /* Assets.xcassets */,
				2D0B7D1A23D77DFB00872131 /* LaunchScreen.storyboard */,
				2D0B7D1D23D77DFB00872131 /* Info.plist */,
			);
			path = "Nursing Inventory Companion";
			sourceTree = "<group>";
		};
/* End PBXGroup section */

/* Begin PBXNativeTarget section */
		2D0B7D0B23D77DFA00872131 /* Nursing Inventory Companion */ = {
			isa = PBXNativeTarget;
			buildConfigurationList = 2D0B7D2023D77DFB00872131 /* Build configuration list for PBXNativeTarget "Nursing Inventory Companion" */;
			buildPhases = (
				2D0B7D0823D77DFA00872131 /* Sources */,
				2D0B7D0923D77DFA00872131 /* Frameworks */,
				2D0B7D0A23D77DFA00872131 /* Resources */,
			);
			buildRules = (
			);
			dependencies = (
			);
			name = "Nursing Inventory Companion";
			productName = "Nursing Inventory Companion";
			productReference = 2D0B7D0C23D77DFA00872131 /* Nursing Inventory Companion.app */;
			productType = "com.apple.product-type.application";
		};
/* End PBXNativeTarget section */

/* Begin PBXProject section */
		2D0B7D0423D77DFA00872131 /* Project object */ = {
			isa = PBXProject;
			attributes = {
				LastSwiftUpdateCheck = 1130;
				LastUpgradeCheck = 1130;
				ORGANIZATIONNAME = "Lucas Miller";
				TargetAttributes = {
					2D0B7D0B23D77DFA00872131 = {
						CreatedOnToolsVersion = 11.3.1;
					};
				};
			};
			buildConfigurationList = 2D0B7D0723D77DFA00872131 /* Build configuration list for PBXProject "Nursing Inventory Companion" */;
			compatibilityVersion = "Xcode 9.3";
			developmentRegion = en;
			hasScannedForEncodings = 0;
			knownRegions = (
				en,
				Base,
			);
			mainGroup = 2D0B7D0323D77DFA00872131;
			productRefGroup = 2D0B7D0D23D77DFA00872131 /* Products */;
			projectDirPath = "";
			projectRoot = "";
			targets = (
				2D0B7D0B23D77DFA00872131 /* Nursing Inventory Companion */,
			);
		};
/* End PBXProject section */

/* Begin PBXResourcesBuildPhase section */
		2D0B7D0A23D77DFA00872131 /* Resources */ = {
			isa = PBXResourcesBuildPhase;
			buildActionMask = 2147483647;
			files = (
				2D0B7D1C23D77DFB00872131 /* LaunchScreen.storyboard in Resources */,
				2D0B7D1923D77DFB00872131 /* Assets.xcassets in Resources */,
				2D0B7D1723D77DFA00872131 /* Main.storyboard in Resources */,
			);
			runOnlyForDeploymentPostprocessing = 0;
		};
/* End PBXResourcesBuildPhase section */

/* Begin PBXSourcesBuildPhase section */
		2D0B7D0823D77DFA00872131 /* Sources */ = {
			isa = PBXSourcesBuildPhase;
			buildActionMask = 2147483647;
			files = (
				2D0B7D1423D77DFA00872131 /* ViewController.swift in Sources */,
				2D0B7D1023D77DFA00872131 /* AppDelegate.swift in Sources */,
				2D0B7D1223D77DFA00872131 /* SceneDelegate.swift in Sources */,
			);
			runOnlyForDeploymentPostprocessing = 0;
		};
/* End PBXSourcesBuildPhase section */

/* Begin PBXVariantGroup section */
		2D0B7D1523D77DFA00872131 /* Main.storyboard */ = {
			isa = PBXVariantGroup;
			children = (
				2D0B7D1623D77DFA00872131 /* Base */,
			);
			name = Main.storyboard;
			sourceTree = "<group>";
		};
		2D0B7D1A23D77DFB00872131 /* LaunchScreen.storyboard */ = {
			isa = PBXVariantGroup;
			children = (
				2D0B7D1B23D77DFB00872131 /* Base */,
			);
			name = LaunchScreen.storyboard;
			sourceTree = "<group>";
		};
/* End PBXVariantGroup section */

/* Begin XCBuildConfiguration section */
		2D0B7D1E23D77DFB00872131 /* Debug */ = {
			isa = XCBuildConfiguration;
			buildSettings = {
				ALWAYS_SEARCH_USER_PATHS = NO;
				CLANG_ANALYZER_NONNULL = YES;
				CLANG_ANALYZER_NUMBER_OBJECT_CONVERSION = YES_AGGRESSIVE;
				CLANG_CXX_LANGUAGE_STANDARD = "gnu++14";
				CLANG_CXX_LIBRARY = "libc++";
				CLANG_ENABLE_MODULES = YES;
				CLANG_ENABLE_OBJC_ARC = YES;
				CLANG_ENABLE_OBJC_WEAK = YES;
				CLANG_WARN_BLOCK_CAPTURE_AUTORELEASING = YES;
				CLANG_WARN_BOOL_CONVERSION = YES;
				CLANG_WARN_COMMA = YES;
				CLANG_WARN_CONSTANT_CONVERSION = YES;
				CLANG_WARN_DEPRECATED_OBJC_IMPLEMENTATIONS = YES;
				CLANG_WARN_DIRECT_OBJC_ISA_USAGE = YES_ERROR;
				CLANG_WARN_DOCUMENTATION_COMMENTS = YES;
				CLANG_WARN_EMPTY_BODY = YES;
				CLANG_WARN_ENUM_CONVERSION = YES;
				CLANG_WARN_INFINITE_RECURSION = YES;
				CLANG_WARN_INT_CONVERSION = YES;
				CLANG_WARN_NON_LITERAL_NULL_CONVERSION = YES;
				CLANG_WARN_OBJC_IMPLICIT_RETAIN_SELF = YES;
				CLANG_WARN_OBJC_LITERAL_CONVERSION = YES;
				CLANG_WARN_OBJC_ROOT_CLASS = YES_ERROR;
				CLANG_WARN_RANGE_LOOP_ANALYSIS = YES;
				CLANG_WARN_STRICT_PROTOTYPES = YES;
				CLANG_WARN_SUSPICIOUS_MOVE = YES;
				CLANG_WARN_UNGUARDED_AVAILABILITY = YES_AGGRESSIVE;
				CLANG_WARN_UNREACHABLE_CODE = YES;
				CLANG_WARN__DUPLICATE_METHOD_MATCH = YES;
				COPY_PHASE_STRIP = NO;
				DEBUG_INFORMATION_FORMAT = dwarf;
				ENABLE_STRICT_OBJC_MSGSEND = YES;
				ENABLE_TESTABILITY = YES;
				GCC_C_LANGUAGE_STANDARD = gnu11;
				GCC_DYNAMIC_NO_PIC = NO;
				GCC_NO_COMMON_BLOCKS = YES;
				GCC_OPTIMIZATION_LEVEL = 0;
				GCC_PREPROCESSOR_DEFINITIONS = (
					"DEBUG=1",
					"$(inherited)",
				);
				GCC_WARN_64_TO_32_BIT_CONVERSION = YES;
				GCC_WARN_ABOUT_RETURN_TYPE = YES_ERROR;
				GCC_WARN_UNDECLARED_SELECTOR = YES;
				GCC_WARN_UNINITIALIZED_AUTOS = YES_AGGRESSIVE;
				GCC_WARN_UNUSED_FUNCTION = YES;
				GCC_WARN_UNUSED_VARIABLE = YES;
				IPHONEOS_DEPLOYMENT_TARGET = 13.2;
				MTL_ENABLE_DEBUG_INFO = INCLUDE_SOURCE;
				MTL_FAST_MATH = YES;
				ONLY_ACTIVE_ARCH = YES;
				SDKROOT = iphoneos;
				SWIFT_ACTIVE_COMPILATION_CONDITIONS = DEBUG;
				SWIFT_OPTIMIZATION_LEVEL = "-Onone";
			};
			name = Debug;
		};
		2D0B7D1F23D77DFB00872131 /* Release */ = {
			isa = XCBuildConfiguration;
			buildSettings = {
				ALWAYS_SEARCH_USER_PATHS = NO;
				CLANG_ANALYZER_NONNULL = YES;
				CLANG_ANALYZER_NUMBER_OBJECT_CONVERSION = YES_AGGRESSIVE;
				CLANG_CXX_LANGUAGE_STANDARD = "gnu++14";
				CLANG_CXX_LIBRARY = "libc++";
				CLANG_ENABLE_MODULES = YES;
				CLANG_ENABLE_OBJC_ARC = YES;
				CLANG_ENABLE_OBJC_WEAK = YES;
				CLANG_WARN_BLOCK_CAPTURE_AUTORELEASING = YES;
				CLANG_WARN_BOOL_CONVERSION = YES;
				CLANG_WARN_COMMA = YES;
				CLANG_WARN_CONSTANT_CONVERSION = YES;
				CLANG_WARN_DEPRECATED_OBJC_IMPLEMENTATIONS = YES;
				CLANG_WARN_DIRECT_OBJC_ISA_USAGE = YES_ERROR;
				CLANG_WARN_DOCUMENTATION_COMMENTS = YES;
				CLANG_WARN_EMPTY_BODY = YES;
				CLANG_WARN_ENUM_CONVERSION = YES;
				CLANG_WARN_INFINITE_RECURSION = YES;
				CLANG_WARN_INT_CONVERSION = YES;
				CLANG_WARN_NON_LITERAL_NULL_CONVERSION = YES;
				CLANG_WARN_OBJC_IMPLICIT_RETAIN_SELF = YES;
				CLANG_WARN_OBJC_LITERAL_CONVERSION = YES;
				CLANG_WARN_OBJC_ROOT_CLASS = YES_ERROR;
				CLANG_WARN_RANGE_LOOP_ANALYSIS = YES;
				CLANG_WARN_STRICT_PROTOTYPES = YES;
				CLANG_WARN_SUSPICIOUS_MOVE = YES;
				CLANG_WARN_UNGUARDED_AVAILABILITY = YES_AGGRESSIVE;
				CLANG_WARN_UNREACHABLE_CODE = YES;
				CLANG_WARN__DUPLICATE_METHOD_MATCH = YES;
				COPY_PHASE_STRIP = NO;
				DEBUG_INFORMATION_FORMAT = "dwarf-with-dsym";
				ENABLE_NS_ASSERTIONS = NO;
				ENABLE_STRICT_OBJC_MSGSEND = YES;
				GCC_C_LANGUAGE_STANDARD = gnu11;
				GCC_NO_COMMON_BLOCKS = YES;
				GCC_WARN_64_TO_32_BIT_CONVERSION = YES;
				GCC_WARN_ABOUT_RETURN_TYPE = YES_ERROR;
				GCC_WARN_UNDECLARED_SELECTOR = YES;
				GCC_WARN_UNINITIALIZED_AUTOS = YES_AGGRESSIVE;
				GCC_WARN_UNUSED_FUNCTION = YES;
				GCC_WARN_UNUSED_VARIABLE = YES;
				IPHONEOS_DEPLOYMENT_TARGET = 13.2;
				MTL_ENABLE_DEBUG_INFO = NO;
				MTL_FAST_MATH = YES;
				SDKROOT = iphoneos;
				SWIFT_COMPILATION_MODE = wholemodule;
				SWIFT_OPTIMIZATION_LEVEL = "-O";
				VALIDATE_PRODUCT = YES;
			};
			name = Release;
		};
		2D0B7D2123D77DFB00872131 /* Debug */ = {
			isa = XCBuildConfiguration;
			buildSettings = {
				ASSETCATALOG_COMPILER_APPICON_NAME = AppIcon;
				CODE_SIGN_STYLE = Automatic;
				INFOPLIST_FILE = "Nursing Inventory Companion/Info.plist";
				LD_RUNPATH_SEARCH_PATHS = (
					"$(inherited)",
					"@executable_path/Frameworks",
				);
				PRODUCT_BUNDLE_IDENTIFIER = "cs-team-1.Nursing-Inventory-Companion";
				PRODUCT_NAME = "$(TARGET_NAME)";
				SWIFT_VERSION = 5.0;
				TARGETED_DEVICE_FAMILY = "1,2";
			};
			name = Debug;
		};
		2D0B7D2223D77DFB00872131 /* Release */ = {
			isa = XCBuildConfiguration;
			buildSettings = {
				ASSETCATALOG_COMPILER_APPICON_NAME = AppIcon;
				CODE_SIGN_STYLE = Automatic;
				INFOPLIST_FILE = "Nursing Inventory Companion/Info.plist";
				LD_RUNPATH_SEARCH_PATHS = (
					"$(inherited)",
					"@executable_path/Frameworks",
				);
				PRODUCT_BUNDLE_IDENTIFIER = "cs-team-1.Nursing-Inventory-Companion";
				PRODUCT_NAME = "$(TARGET_NAME)";
				SWIFT_VERSION = 5.0;
				TARGETED_DEVICE_FAMILY = "1,2";
			};
			name = Release;
		};
/* End XCBuildConfiguration section */

/* Begin XCConfigurationList section */
		2D0B7D0723D77DFA00872131 /* Build configuration list for PBXProject "Nursing Inventory Companion" */ = {
			isa = XCConfigurationList;
			buildConfigurations = (
				2D0B7D1E23D77DFB00872131 /* Debug */,
				2D0B7D1F23D77DFB00872131 /* Release */,
			);
			defaultConfigurationIsVisible = 0;
			defaultConfigurationName = Release;
		};
		2D0B7D2023D77DFB00872131 /* Build configuration list for PBXNativeTarget "Nursing Inventory Companion" */ = {
			isa = XCConfigurationList;
			buildConfigurations = (
				2D0B7D2123D77DFB00872131 /* Debug */,
				2D0B7D2223D77DFB00872131 /* Release */,
			);
			defaultConfigurationIsVisible = 0;
			defaultConfigurationName = Release;
		};
/* End XCConfigurationList section */
	};
	rootObject = 2D0B7D0423D77DFA00872131 /* Project object */;
}
